{
  "name": "@newkrok/three-particles",
  "version": "2.0.0",
  "lockfileVersion": 2,
  "requires": true,
  "packages": {
    "": {
      "name": "@newkrok/three-particles",
      "version": "2.0.0",
      "license": "MIT",
      "dependencies": {
        "@newkrok/three-utils": "^1.0.0",
        "easing-functions": "1.0.1",
        "three": "^0.172.0",
        "three-noise": "1.1.2"
      },
      "devDependencies": {
        "@types/node": "^22.10.4",
        "typescript": "^5.7.2"
      }
    },
    "node_modules/@newkrok/three-utils": {
      "version": "1.1.0",
      "resolved": "https://registry.npmjs.org/@newkrok/three-utils/-/three-utils-1.1.0.tgz",
      "integrity": "sha512-6pdYMADQJiNExiQRwe6s9KW9GSZ0XMaBvZfWtNXSXaFhlqGjCXFOjKQ/SEiSV1G6B6rRp7VqdukxhqZJnhuJMA==",
      "dependencies": {
        "three": "^0.141.0"
      }
    },
    "node_modules/@newkrok/three-utils/node_modules/three": {
      "version": "0.141.0",
      "resolved": "https://registry.npmjs.org/three/-/three-0.141.0.tgz",
      "integrity": "sha512-JaSDAPWuk4RTzG5BYRQm8YZbERUxTfTDVouWgHMisS2to4E5fotMS9F2zPFNOIJyEFTTQDDKPpsgZVThKU3pXA=="
    },
    "node_modules/@types/node": {
      "version": "22.10.4",
      "resolved": "https://registry.npmjs.org/@types/node/-/node-22.10.4.tgz",
      "integrity": "sha512-99l6wv4HEzBQhvaU/UGoeBoCK61SCROQaCCGyQSgX2tEQ3rKkNZ2S7CEWnS/4s1LV+8ODdK21UeyR1fHP2mXug==",
      "dev": true,
      "dependencies": {
        "undici-types": "~6.20.0"
      }
    },
    "node_modules/easing-functions": {
      "version": "1.0.1",
      "resolved": "https://registry.npmjs.org/easing-functions/-/easing-functions-1.0.1.tgz",
      "integrity": "sha512-5eHZ+InobokmzyYTs3BtL+bNoKVQiDF1iQoh1FQ0pWNAhhgqA2/o9z4LX/G6fq0jWFu16LdAxidxQi/fnRqfdw=="
    },
    "node_modules/three": {
      "version": "0.172.0",
      "resolved": "https://registry.npmjs.org/three/-/three-0.172.0.tgz",
      "integrity": "sha512-6HMgMlzU97MsV7D/tY8Va38b83kz8YJX+BefKjspMNAv0Vx6dxMogHOrnRl/sbMIs3BPUKijPqDqJ/+UwJbIow=="
    },
    "node_modules/three-noise": {
      "version": "1.1.2",
      "resolved": "https://registry.npmjs.org/three-noise/-/three-noise-1.1.2.tgz",
      "integrity": "sha512-8RPBvmPhyMscyoCdFd9zBhpmedPXnjMU+fbP+QDnDAmrqqt5tWPJfv/B7RZoK7DUp04MYrkudp5Na7xmhW7Z4A==",
      "dependencies": {
        "three": "^0.128.0"
      }
    },
    "node_modules/three-noise/node_modules/three": {
      "version": "0.128.0",
      "resolved": "https://registry.npmjs.org/three/-/three-0.128.0.tgz",
      "integrity": "sha512-i0ap/E+OaSfzw7bD1TtYnPo3VEplkl70WX5fZqZnfZsE3k3aSFudqrrC9ldFZfYFkn1zwDmBcdGfiIm/hnbyZA=="
    },
    "node_modules/typescript": {
      "version": "5.7.2",
      "resolved": "https://registry.npmjs.org/typescript/-/typescript-5.7.2.tgz",
      "integrity": "sha512-i5t66RHxDvVN40HfDd1PsEThGNnlMCMT3jMUuoh9/0TaqWevNontacunWyN02LA9/fIbEWlcHZcgTKb9QoaLfg==",
      "dev": true,
      "bin": {
        "tsc": "bin/tsc",
        "tsserver": "bin/tsserver"
      },
      "engines": {
        "node": ">=14.17"
      }
    },
    "node_modules/undici-types": {
      "version": "6.20.0",
      "resolved": "https://registry.npmjs.org/undici-types/-/undici-types-6.20.0.tgz",
      "integrity": "sha512-Ny6QZ2Nju20vw1SRHe3d9jVu6gJ+4e3+MMpqu7pqE5HT6WsTSlce++GQmK5UXS8mzV8DSYHrQH+Xrf2jVcuKNg==",
      "dev": true
    }
  },
  "dependencies": {
    "@newkrok/three-utils": {
      "version": "1.1.0",
      "resolved": "https://registry.npmjs.org/@newkrok/three-utils/-/three-utils-1.1.0.tgz",
      "integrity": "sha512-6pdYMADQJiNExiQRwe6s9KW9GSZ0XMaBvZfWtNXSXaFhlqGjCXFOjKQ/SEiSV1G6B6rRp7VqdukxhqZJnhuJMA==",
      "requires": {
        "three": "^0.141.0"
      },
      "dependencies": {
        "three": {
          "version": "0.141.0",
          "resolved": "https://registry.npmjs.org/three/-/three-0.141.0.tgz",
          "integrity": "sha512-JaSDAPWuk4RTzG5BYRQm8YZbERUxTfTDVouWgHMisS2to4E5fotMS9F2zPFNOIJyEFTTQDDKPpsgZVThKU3pXA=="
        }
      }
    },
    "@types/node": {
      "version": "22.10.4",
      "resolved": "https://registry.npmjs.org/@types/node/-/node-22.10.4.tgz",
      "integrity": "sha512-99l6wv4HEzBQhvaU/UGoeBoCK61SCROQaCCGyQSgX2tEQ3rKkNZ2S7CEWnS/4s1LV+8ODdK21UeyR1fHP2mXug==",
      "dev": true,
      "requires": {
        "undici-types": "~6.20.0"
      }
    },
    "easing-functions": {
      "version": "1.0.1",
      "resolved": "https://registry.npmjs.org/easing-functions/-/easing-functions-1.0.1.tgz",
      "integrity": "sha512-5eHZ+InobokmzyYTs3BtL+bNoKVQiDF1iQoh1FQ0pWNAhhgqA2/o9z4LX/G6fq0jWFu16LdAxidxQi/fnRqfdw=="
    },
    "three": {
      "version": "0.172.0",
      "resolved": "https://registry.npmjs.org/three/-/three-0.172.0.tgz",
      "integrity": "sha512-6HMgMlzU97MsV7D/tY8Va38b83kz8YJX+BefKjspMNAv0Vx6dxMogHOrnRl/sbMIs3BPUKijPqDqJ/+UwJbIow=="
    },
    "three-noise": {
      "version": "1.1.2",
      "resolved": "https://registry.npmjs.org/three-noise/-/three-noise-1.1.2.tgz",
      "integrity": "sha512-8RPBvmPhyMscyoCdFd9zBhpmedPXnjMU+fbP+QDnDAmrqqt5tWPJfv/B7RZoK7DUp04MYrkudp5Na7xmhW7Z4A==",
      "requires": {
        "three": "^0.128.0"
      },
      "dependencies": {
        "three": {
          "version": "0.128.0",
          "resolved": "https://registry.npmjs.org/three/-/three-0.128.0.tgz",
          "integrity": "sha512-i0ap/E+OaSfzw7bD1TtYnPo3VEplkl70WX5fZqZnfZsE3k3aSFudqrrC9ldFZfYFkn1zwDmBcdGfiIm/hnbyZA=="
        }
      }
    },
    "typescript": {
      "version": "5.7.2",
      "resolved": "https://registry.npmjs.org/typescript/-/typescript-5.7.2.tgz",
      "integrity": "sha512-i5t66RHxDvVN40HfDd1PsEThGNnlMCMT3jMUuoh9/0TaqWevNontacunWyN02LA9/fIbEWlcHZcgTKb9QoaLfg==",
      "dev": true
    },
    "undici-types": {
      "version": "6.20.0",
      "resolved": "https://registry.npmjs.org/undici-types/-/undici-types-6.20.0.tgz",
      "integrity": "sha512-Ny6QZ2Nju20vw1SRHe3d9jVu6gJ+4e3+MMpqu7pqE5HT6WsTSlce++GQmK5UXS8mzV8DSYHrQH+Xrf2jVcuKNg==",
      "dev": true
    }
  }
}
