{
  "name": "@newkrok/three-particles",
  "version": "0.3.0",
  "lockfileVersion": 2,
  "requires": true,
  "packages": {
    "": {
      "name": "@newkrok/three-particles",
      "version": "0.3.0",
      "license": "MIT",
      "dependencies": {
        "easing-functions": "1.0.1",
        "three": "0.135.0"
      },
      "bin": {
        "three-particles": "src/js/three-particles.js"
      }
    },
    "node_modules/easing-functions": {
      "version": "1.0.1",
      "resolved": "https://registry.npmjs.org/easing-functions/-/easing-functions-1.0.1.tgz",
      "integrity": "sha512-5eHZ+InobokmzyYTs3BtL+bNoKVQiDF1iQoh1FQ0pWNAhhgqA2/o9z4LX/G6fq0jWFu16LdAxidxQi/fnRqfdw=="
    },
    "node_modules/three": {
      "version": "0.135.0",
      "resolved": "https://registry.npmjs.org/three/-/three-0.135.0.tgz",
      "integrity": "sha512-kuEpuuxRzLv0MDsXai9huCxOSQPZ4vje6y0gn80SRmQvgz6/+rI0NAvCRAw56zYaWKMGMfqKWsxF9Qa2Z9xymQ=="
    }
  },
  "dependencies": {
    "easing-functions": {
      "version": "1.0.1",
      "resolved": "https://registry.npmjs.org/easing-functions/-/easing-functions-1.0.1.tgz",
      "integrity": "sha512-5eHZ+InobokmzyYTs3BtL+bNoKVQiDF1iQoh1FQ0pWNAhhgqA2/o9z4LX/G6fq0jWFu16LdAxidxQi/fnRqfdw=="
    },
    "three": {
      "version": "0.135.0",
      "resolved": "https://registry.npmjs.org/three/-/three-0.135.0.tgz",
      "integrity": "sha512-kuEpuuxRzLv0MDsXai9huCxOSQPZ4vje6y0gn80SRmQvgz6/+rI0NAvCRAw56zYaWKMGMfqKWsxF9Qa2Z9xymQ=="
    }
  }
}
