{
  "name": "@newkrok/three-particles",
  "version": "0.4.0",
  "lockfileVersion": 2,
  "requires": true,
  "packages": {
    "": {
      "name": "@newkrok/three-particles",
      "version": "0.4.0",
      "license": "MIT",
      "dependencies": {
        "easing-functions": "1.0.1",
        "three": "0.136.0",
        "three-noise": "^1.1.1"
      },
      "bin": {
        "three-particles": "src/js/three-particles.js"
      }
    },
    "node_modules/easing-functions": {
      "version": "1.0.1",
      "resolved": "https://registry.npmjs.org/easing-functions/-/easing-functions-1.0.1.tgz",
      "integrity": "sha512-5eHZ+InobokmzyYTs3BtL+bNoKVQiDF1iQoh1FQ0pWNAhhgqA2/o9z4LX/G6fq0jWFu16LdAxidxQi/fnRqfdw=="
    },
    "node_modules/three": {
      "version": "0.136.0",
      "resolved": "https://registry.npmjs.org/three/-/three-0.136.0.tgz",
      "integrity": "sha512-+fEMX7nYLz2ZesVP/dyifli5Jf8gR3XPAnFJveQ80aMhibFduzrADnjMbARXh8+W9qLK7rshJCjAIL/6cDxC+A=="
    },
    "node_modules/three-noise": {
      "version": "1.1.2",
      "resolved": "https://registry.npmjs.org/three-noise/-/three-noise-1.1.2.tgz",
      "integrity": "sha512-8RPBvmPhyMscyoCdFd9zBhpmedPXnjMU+fbP+QDnDAmrqqt5tWPJfv/B7RZoK7DUp04MYrkudp5Na7xmhW7Z4A==",
      "dependencies": {
        "three": "^0.128.0"
      }
    },
    "node_modules/three-noise/node_modules/three": {
      "version": "0.128.0",
      "resolved": "https://registry.npmjs.org/three/-/three-0.128.0.tgz",
      "integrity": "sha512-i0ap/E+OaSfzw7bD1TtYnPo3VEplkl70WX5fZqZnfZsE3k3aSFudqrrC9ldFZfYFkn1zwDmBcdGfiIm/hnbyZA=="
    }
  },
  "dependencies": {
    "easing-functions": {
      "version": "1.0.1",
      "resolved": "https://registry.npmjs.org/easing-functions/-/easing-functions-1.0.1.tgz",
      "integrity": "sha512-5eHZ+InobokmzyYTs3BtL+bNoKVQiDF1iQoh1FQ0pWNAhhgqA2/o9z4LX/G6fq0jWFu16LdAxidxQi/fnRqfdw=="
    },
    "three": {
      "version": "0.136.0",
      "resolved": "https://registry.npmjs.org/three/-/three-0.136.0.tgz",
      "integrity": "sha512-+fEMX7nYLz2ZesVP/dyifli5Jf8gR3XPAnFJveQ80aMhibFduzrADnjMbARXh8+W9qLK7rshJCjAIL/6cDxC+A=="
    },
    "three-noise": {
      "version": "1.1.2",
      "resolved": "https://registry.npmjs.org/three-noise/-/three-noise-1.1.2.tgz",
      "integrity": "sha512-8RPBvmPhyMscyoCdFd9zBhpmedPXnjMU+fbP+QDnDAmrqqt5tWPJfv/B7RZoK7DUp04MYrkudp5Na7xmhW7Z4A==",
      "requires": {
        "three": "^0.128.0"
      },
      "dependencies": {
        "three": {
          "version": "0.128.0",
          "resolved": "https://registry.npmjs.org/three/-/three-0.128.0.tgz",
          "integrity": "sha512-i0ap/E+OaSfzw7bD1TtYnPo3VEplkl70WX5fZqZnfZsE3k3aSFudqrrC9ldFZfYFkn1zwDmBcdGfiIm/hnbyZA=="
        }
      }
    }
  }
}
